
Microsoft Visual Studio Solution File, Format Version 12.00
# Visual Studio Version 17
VisualStudioVersion = 17.4.33403.182
MinimumVisualStudioVersion = 10.0.40219.1
Project("{9A19103F-16F7-4668-BE54-9A1E7A4F7556}") = "Prob1", "Prob1\Prob1.csproj", "{FE6D3672-B5E0-476F-A550-7CFE3C12974B}"
EndProject
Project("{9A19103F-16F7-4668-BE54-9A1E7A4F7556}") = "Prob2", "Prob2\Prob2.csproj", "{E6B3562E-BDBF-47E3-9D51-9D09EA1633D2}"
EndProject
Project("{9A19103F-16F7-4668-BE54-9A1E7A4F7556}") = "Prob3", "Prob3\Prob3.csproj", "{AA6482BC-01C3-4601-AF45-B2A7544177C5}"
EndProject
Global
	GlobalSection(SolutionConfigurationPlatforms) = preSolution
		Debug|Any CPU = Debug|Any CPU
		Release|Any CPU = Release|Any CPU
	EndGlobalSection
	GlobalSection(ProjectConfigurationPlatforms) = postSolution
		{FE6D3672-B5E0-476F-A550-7CFE3C12974B}.Debug|Any CPU.ActiveCfg = Debug|Any CPU
		{FE6D3672-B5E0-476F-A550-7CFE3C12974B}.Debug|Any CPU.Build.0 = Debug|Any CPU
		{FE6D3672-B5E0-476F-A550-7CFE3C12974B}.Release|Any CPU.ActiveCfg = Release|Any CPU
		{FE6D3672-B5E0-476F-A550-7CFE3C12974B}.Release|Any CPU.Build.0 = Release|Any CPU
		{E6B3562E-BDBF-47E3-9D51-9D09EA1633D2}.Debug|Any CPU.ActiveCfg = Debug|Any CPU
		{E6B3562E-BDBF-47E3-9D51-9D09EA1633D2}.Debug|Any CPU.Build.0 = Debug|Any CPU
		{E6B3562E-BDBF-47E3-9D51-9D09EA1633D2}.Release|Any CPU.ActiveCfg = Release|Any CPU
		{E6B3562E-BDBF-47E3-9D51-9D09EA1633D2}.Release|Any CPU.Build.0 = Release|Any CPU
		{AA6482BC-01C3-4601-AF45-B2A7544177C5}.Debug|Any CPU.ActiveCfg = Debug|Any CPU
		{AA6482BC-01C3-4601-AF45-B2A7544177C5}.Debug|Any CPU.Build.0 = Debug|Any CPU
		{AA6482BC-01C3-4601-AF45-B2A7544177C5}.Release|Any CPU.ActiveCfg = Release|Any CPU
		{AA6482BC-01C3-4601-AF45-B2A7544177C5}.Release|Any CPU.Build.0 = Release|Any CPU
	EndGlobalSection
	GlobalSection(SolutionProperties) = preSolution
		HideSolutionNode = FALSE
	EndGlobalSection
	GlobalSection(ExtensibilityGlobals) = postSolution
		SolutionGuid = {1370F878-79D9-4A95-9BCB-6814E37812AD}
	EndGlobalSection
EndGlobal
